
Microsoft Visual Studio Solution File, Format Version 12.00
# Visual Studio 15
Project("{FAE04EC0-301F-11D3-BF4B-00C04F79EFBC}") = "Assembly-CSharp", "Assembly-CSharp.csproj", "{DA0BB78F-DEFF-35A1-0588-ADE7C23AC49B}"
EndProject
Project("{FAE04EC0-301F-11D3-BF4B-00C04F79EFBC}") = "Assembly-CSharp-Editor", "Assembly-CSharp-Editor.csproj", "{5E3F94DF-EC89-B093-BE25-9DC248DE9D06}"
EndProject
Global
	GlobalSection(SolutionConfigurationPlatforms) = preSolution
		Debug|Any CPU = Debug|Any CPU
		Release|Any CPU = Release|Any CPU
	EndGlobalSection
	GlobalSection(ProjectConfigurationPlatforms) = postSolution
		{DA0BB78F-DEFF-35A1-0588-ADE7C23AC49B}.Debug|Any CPU.ActiveCfg = Debug|Any CPU
		{DA0BB78F-DEFF-35A1-0588-ADE7C23AC49B}.Debug|Any CPU.Build.0 = Debug|Any CPU
		{DA0BB78F-DEFF-35A1-0588-ADE7C23AC49B}.Release|Any CPU.ActiveCfg = Release|Any CPU
		{DA0BB78F-DEFF-35A1-0588-ADE7C23AC49B}.Release|Any CPU.Build.0 = Release|Any CPU
		{5E3F94DF-EC89-B093-BE25-9DC248DE9D06}.Debug|Any CPU.ActiveCfg = Debug|Any CPU
		{5E3F94DF-EC89-B093-BE25-9DC248DE9D06}.Debug|Any CPU.Build.0 = Debug|Any CPU
		{5E3F94DF-EC89-B093-BE25-9DC248DE9D06}.Release|Any CPU.ActiveCfg = Release|Any CPU
		{5E3F94DF-EC89-B093-BE25-9DC248DE9D06}.Release|Any CPU.Build.0 = Release|Any CPU
	EndGlobalSection
	GlobalSection(SolutionProperties) = preSolution
		HideSolutionNode = FALSE
	EndGlobalSection
EndGlobal
